
Microsoft Visual Studio Solution File, Format Version 12.00
Project("{FAE04EC0-301F-11D3-BF4B-00C04F79EFBC}") = "Minesweeper", "Minesweeper\Minesweeper.csproj", "{C20CE04B-B35E-4FA1-86B5-90278F7989E3}"
EndProject
Project("{FAE04EC0-301F-11D3-BF4B-00C04F79EFBC}") = "Minesweeper.Tests", "Minesweeper.Tests\Minesweeper.Tests.csproj", "{B7329CDC-6001-46B8-8F92-F44D916EB5C5}"
EndProject
Global
	GlobalSection(SolutionConfigurationPlatforms) = preSolution
		Debug|Any CPU = Debug|Any CPU
		Release|Any CPU = Release|Any CPU
	EndGlobalSection
	GlobalSection(ProjectConfigurationPlatforms) = postSolution
		{C20CE04B-B35E-4FA1-86B5-90278F7989E3}.Debug|Any CPU.ActiveCfg = Debug|Any CPU
		{C20CE04B-B35E-4FA1-86B5-90278F7989E3}.Debug|Any CPU.Build.0 = Debug|Any CPU
		{C20CE04B-B35E-4FA1-86B5-90278F7989E3}.Release|Any CPU.ActiveCfg = Release|Any CPU
		{C20CE04B-B35E-4FA1-86B5-90278F7989E3}.Release|Any CPU.Build.0 = Release|Any CPU
		{B7329CDC-6001-46B8-8F92-F44D916EB5C5}.Debug|Any CPU.ActiveCfg = Debug|Any CPU
		{B7329CDC-6001-46B8-8F92-F44D916EB5C5}.Debug|Any CPU.Build.0 = Debug|Any CPU
		{B7329CDC-6001-46B8-8F92-F44D916EB5C5}.Release|Any CPU.ActiveCfg = Release|Any CPU
		{B7329CDC-6001-46B8-8F92-F44D916EB5C5}.Release|Any CPU.Build.0 = Release|Any CPU
	EndGlobalSection
EndGlobal
